
Microsoft Visual Studio Solution File, Format Version 12.00
# Visual Studio Version 16
VisualStudioVersion = 16.0.30709.132
MinimumVisualStudioVersion = 10.0.40219.1
Project("{9A19103F-16F7-4668-BE54-9A1E7A4F7556}") = "InterviewPreparation", "InterviewPreparation.csproj", "{194B2B96-43E2-40EB-98EB-98EA00A7B44C}"
EndProject
Project("{2150E333-8FDC-42A3-9474-1A3956D46DE8}") = "Solution Items", "Solution Items", "{0B27C23D-13A9-4E87-8976-F5DD67526320}"
	ProjectSection(SolutionItems) = preProject
		..\README.md = ..\README.md
		ReverseString2.cs = ReverseString2.cs
	EndProjectSection
EndProject
Project("{FAE04EC0-301F-11D3-BF4B-00C04F79EFBC}") = "OOD", "..\OOD\OOD.csproj", "{C78476B4-33FC-4A45-8201-1CFF751A6053}"
EndProject
Global
	GlobalSection(SolutionConfigurationPlatforms) = preSolution
		Debug|Any CPU = Debug|Any CPU
		Release|Any CPU = Release|Any CPU
	EndGlobalSection
	GlobalSection(ProjectConfigurationPlatforms) = postSolution
		{194B2B96-43E2-40EB-98EB-98EA00A7B44C}.Debug|Any CPU.ActiveCfg = Debug|Any CPU
		{194B2B96-43E2-40EB-98EB-98EA00A7B44C}.Debug|Any CPU.Build.0 = Debug|Any CPU
		{194B2B96-43E2-40EB-98EB-98EA00A7B44C}.Release|Any CPU.ActiveCfg = Release|Any CPU
		{194B2B96-43E2-40EB-98EB-98EA00A7B44C}.Release|Any CPU.Build.0 = Release|Any CPU
		{C78476B4-33FC-4A45-8201-1CFF751A6053}.Debug|Any CPU.ActiveCfg = Debug|Any CPU
		{C78476B4-33FC-4A45-8201-1CFF751A6053}.Debug|Any CPU.Build.0 = Debug|Any CPU
		{C78476B4-33FC-4A45-8201-1CFF751A6053}.Release|Any CPU.ActiveCfg = Release|Any CPU
		{C78476B4-33FC-4A45-8201-1CFF751A6053}.Release|Any CPU.Build.0 = Release|Any CPU
	EndGlobalSection
	GlobalSection(SolutionProperties) = preSolution
		HideSolutionNode = FALSE
	EndGlobalSection
	GlobalSection(ExtensibilityGlobals) = postSolution
		SolutionGuid = {5173D82C-C59A-4B62-855C-D71B419E62E2}
	EndGlobalSection
EndGlobal
